
Microsoft Visual Studio Solution File, Format Version 12.00
# Visual Studio Version 16
VisualStudioVersion = 16.0.29326.143
MinimumVisualStudioVersion = 10.0.40219.1
Project("{8BC9CEB8-8B4A-11D0-8D11-00A0C91BC942}") = "lab3", "lab3\lab3.vcxproj", "{C3354D10-0369-409D-824C-3EDD2777C68B}"
EndProject
Global
	GlobalSection(SolutionConfigurationPlatforms) = preSolution
		Debug|x64 = Debug|x64
		Release|x64 = Release|x64
	EndGlobalSection
	GlobalSection(ProjectConfigurationPlatforms) = postSolution
		{C3354D10-0369-409D-824C-3EDD2777C68B}.Debug|x64.ActiveCfg = Debug|x64
		{C3354D10-0369-409D-824C-3EDD2777C68B}.Debug|x64.Build.0 = Debug|x64
		{C3354D10-0369-409D-824C-3EDD2777C68B}.Release|x64.ActiveCfg = Release|x64
		{C3354D10-0369-409D-824C-3EDD2777C68B}.Release|x64.Build.0 = Release|x64
	EndGlobalSection
	GlobalSection(SolutionProperties) = preSolution
		HideSolutionNode = FALSE
	EndGlobalSection
	GlobalSection(ExtensibilityGlobals) = postSolution
		SolutionGuid = {94919198-B69F-47E3-A40F-15E683E1EE86}
	EndGlobalSection
EndGlobal
